module.ec2.data.aws_ami.amzn-linux-2023-ami: Reading...
module.ec2.data.aws_ami.amzn-linux-2023-ami: Read complete after 0s [id=ami-041feb57c611358bd]

Terraform used the selected providers to generate the following execution
plan. Resource actions are indicated with the following symbols:
  + create

Terraform will perform the following actions:

  # module.ec2.aws_instance.my_ec2[0] will be created
  + resource "aws_instance" "my_ec2" {
      + ami                                  = "ami-041feb57c611358bd"
      + arn                                  = (known after apply)
      + associate_public_ip_address          = (known after apply)
      + availability_zone                    = (known after apply)
      + cpu_core_count                       = (known after apply)
      + cpu_threads_per_core                 = (known after apply)
      + disable_api_stop                     = (known after apply)
      + disable_api_termination              = (known after apply)
      + ebs_optimized                        = (known after apply)
      + get_password_data                    = false
      + host_id                              = (known after apply)
      + host_resource_group_arn              = (known after apply)
      + iam_instance_profile                 = (known after apply)
      + id                                   = (known after apply)
      + instance_initiated_shutdown_behavior = (known after apply)
      + instance_lifecycle                   = (known after apply)
      + instance_state                       = (known after apply)
      + instance_type                        = "t2.micro"
      + ipv6_address_count                   = (known after apply)
      + ipv6_addresses                       = (known after apply)
      + key_name                             = (known after apply)
      + monitoring                           = (known after apply)
      + outpost_arn                          = (known after apply)
      + password_data                        = (known after apply)
      + placement_group                      = (known after apply)
      + placement_partition_number           = (known after apply)
      + primary_network_interface_id         = (known after apply)
      + private_dns                          = (known after apply)
      + private_ip                           = (known after apply)
      + public_dns                           = (known after apply)
      + public_ip                            = (known after apply)
      + secondary_private_ips                = (known after apply)
      + security_groups                      = (known after apply)
      + source_dest_check                    = true
      + spot_instance_request_id             = (known after apply)
      + subnet_id                            = (known after apply)
      + tags                                 = {
          + "Name" = "Example-Instance-1"
        }
      + tags_all                             = {
          + "Name" = "Example-Instance-1"
        }
      + tenancy                              = (known after apply)
      + user_data                            = (known after apply)
      + user_data_base64                     = (known after apply)
      + user_data_replace_on_change          = false
      + vpc_security_group_ids               = (known after apply)

      + capacity_reservation_specification {
          + capacity_reservation_preference = (known after apply)

          + capacity_reservation_target {
              + capacity_reservation_id                 = (known after apply)
              + capacity_reservation_resource_group_arn = (known after apply)
            }
        }

      + cpu_options {
          + amd_sev_snp      = (known after apply)
          + core_count       = (known after apply)
          + threads_per_core = (known after apply)
        }

      + ebs_block_device {
          + delete_on_termination = (known after apply)
          + device_name           = (known after apply)
          + encrypted             = (known after apply)
          + iops                  = (known after apply)
          + kms_key_id            = (known after apply)
          + snapshot_id           = (known after apply)
          + tags                  = (known after apply)
          + throughput            = (known after apply)
          + volume_id             = (known after apply)
          + volume_size           = (known after apply)
          + volume_type           = (known after apply)
        }

      + enclave_options {
          + enabled = (known after apply)
        }

      + ephemeral_block_device {
          + device_name  = (known after apply)
          + no_device    = (known after apply)
          + virtual_name = (known after apply)
        }

      + instance_market_options {
          + market_type = (known after apply)

          + spot_options {
              + instance_interruption_behavior = (known after apply)
              + max_price                      = (known after apply)
              + spot_instance_type             = (known after apply)
              + valid_until                    = (known after apply)
            }
        }

      + maintenance_options {
          + auto_recovery = (known after apply)
        }

      + metadata_options {
          + http_endpoint               = (known after apply)
          + http_protocol_ipv6          = (known after apply)
          + http_put_response_hop_limit = (known after apply)
          + http_tokens                 = (known after apply)
          + instance_metadata_tags      = (known after apply)
        }

      + network_interface {
          + delete_on_termination = (known after apply)
          + device_index          = (known after apply)
          + network_card_index    = (known after apply)
          + network_interface_id  = (known after apply)
        }

      + private_dns_name_options {
          + enable_resource_name_dns_a_record    = (known after apply)
          + enable_resource_name_dns_aaaa_record = (known after apply)
          + hostname_type                        = (known after apply)
        }

      + root_block_device {
          + delete_on_termination = true
          + device_name           = (known after apply)
          + encrypted             = (known after apply)
          + iops                  = (known after apply)
          + kms_key_id            = (known after apply)
          + throughput            = (known after apply)
          + volume_id             = (known after apply)
          + volume_size           = 8
          + volume_type           = "gp2"
        }
    }

  # module.ec2.aws_instance.my_ec2[1] will be created
  + resource "aws_instance" "my_ec2" {
      + ami                                  = "ami-041feb57c611358bd"
      + arn                                  = (known after apply)
      + associate_public_ip_address          = (known after apply)
      + availability_zone                    = (known after apply)
      + cpu_core_count                       = (known after apply)
      + cpu_threads_per_core                 = (known after apply)
      + disable_api_stop                     = (known after apply)
      + disable_api_termination              = (known after apply)
      + ebs_optimized                        = (known after apply)
      + get_password_data                    = false
      + host_id                              = (known after apply)
      + host_resource_group_arn              = (known after apply)
      + iam_instance_profile                 = (known after apply)
      + id                                   = (known after apply)
      + instance_initiated_shutdown_behavior = (known after apply)
      + instance_lifecycle                   = (known after apply)
      + instance_state                       = (known after apply)
      + instance_type                        = "t2.micro"
      + ipv6_address_count                   = (known after apply)
      + ipv6_addresses                       = (known after apply)
      + key_name                             = (known after apply)
      + monitoring                           = (known after apply)
      + outpost_arn                          = (known after apply)
      + password_data                        = (known after apply)
      + placement_group                      = (known after apply)
      + placement_partition_number           = (known after apply)
      + primary_network_interface_id         = (known after apply)
      + private_dns                          = (known after apply)
      + private_ip                           = (known after apply)
      + public_dns                           = (known after apply)
      + public_ip                            = (known after apply)
      + secondary_private_ips                = (known after apply)
      + security_groups                      = (known after apply)
      + source_dest_check                    = true
      + spot_instance_request_id             = (known after apply)
      + subnet_id                            = (known after apply)
      + tags                                 = {
          + "Name" = "Example-Instance-2"
        }
      + tags_all                             = {
          + "Name" = "Example-Instance-2"
        }
      + tenancy                              = (known after apply)
      + user_data                            = (known after apply)
      + user_data_base64                     = (known after apply)
      + user_data_replace_on_change          = false
      + vpc_security_group_ids               = (known after apply)

      + capacity_reservation_specification {
          + capacity_reservation_preference = (known after apply)

          + capacity_reservation_target {
              + capacity_reservation_id                 = (known after apply)
              + capacity_reservation_resource_group_arn = (known after apply)
            }
        }

      + cpu_options {
          + amd_sev_snp      = (known after apply)
          + core_count       = (known after apply)
          + threads_per_core = (known after apply)
        }

      + ebs_block_device {
          + delete_on_termination = (known after apply)
          + device_name           = (known after apply)
          + encrypted             = (known after apply)
          + iops                  = (known after apply)
          + kms_key_id            = (known after apply)
          + snapshot_id           = (known after apply)
          + tags                  = (known after apply)
          + throughput            = (known after apply)
          + volume_id             = (known after apply)
          + volume_size           = (known after apply)
          + volume_type           = (known after apply)
        }

      + enclave_options {
          + enabled = (known after apply)
        }

      + ephemeral_block_device {
          + device_name  = (known after apply)
          + no_device    = (known after apply)
          + virtual_name = (known after apply)
        }

      + instance_market_options {
          + market_type = (known after apply)

          + spot_options {
              + instance_interruption_behavior = (known after apply)
              + max_price                      = (known after apply)
              + spot_instance_type             = (known after apply)
              + valid_until                    = (known after apply)
            }
        }

      + maintenance_options {
          + auto_recovery = (known after apply)
        }

      + metadata_options {
          + http_endpoint               = (known after apply)
          + http_protocol_ipv6          = (known after apply)
          + http_put_response_hop_limit = (known after apply)
          + http_tokens                 = (known after apply)
          + instance_metadata_tags      = (known after apply)
        }

      + network_interface {
          + delete_on_termination = (known after apply)
          + device_index          = (known after apply)
          + network_card_index    = (known after apply)
          + network_interface_id  = (known after apply)
        }

      + private_dns_name_options {
          + enable_resource_name_dns_a_record    = (known after apply)
          + enable_resource_name_dns_aaaa_record = (known after apply)
          + hostname_type                        = (known after apply)
        }

      + root_block_device {
          + delete_on_termination = true
          + device_name           = (known after apply)
          + encrypted             = (known after apply)
          + iops                  = (known after apply)
          + kms_key_id            = (known after apply)
          + throughput            = (known after apply)
          + volume_id             = (known after apply)
          + volume_size           = 8
          + volume_type           = "gp2"
        }
    }

  # module.s3.aws_s3_bucket.my_s3_bucket will be created
  + resource "aws_s3_bucket" "my_s3_bucket" {
      + acceleration_status         = (known after apply)
      + acl                         = (known after apply)
      + arn                         = (known after apply)
      + bucket                      = "my-s3-bucket"
      + bucket_domain_name          = (known after apply)
      + bucket_prefix               = (known after apply)
      + bucket_regional_domain_name = (known after apply)
      + force_destroy               = false
      + hosted_zone_id              = (known after apply)
      + id                          = (known after apply)
      + object_lock_enabled         = (known after apply)
      + policy                      = (known after apply)
      + region                      = (known after apply)
      + request_payer               = (known after apply)
      + tags_all                    = (known after apply)
      + website_domain              = (known after apply)
      + website_endpoint            = (known after apply)

      + cors_rule {
          + allowed_headers = (known after apply)
          + allowed_methods = (known after apply)
          + allowed_origins = (known after apply)
          + expose_headers  = (known after apply)
          + max_age_seconds = (known after apply)
        }

      + grant {
          + id          = (known after apply)
          + permissions = (known after apply)
          + type        = (known after apply)
          + uri         = (known after apply)
        }

      + lifecycle_rule {
          + abort_incomplete_multipart_upload_days = (known after apply)
          + enabled                                = (known after apply)
          + id                                     = (known after apply)
          + prefix                                 = (known after apply)
          + tags                                   = (known after apply)

          + expiration {
              + date                         = (known after apply)
              + days                         = (known after apply)
              + expired_object_delete_marker = (known after apply)
            }

          + noncurrent_version_expiration {
              + days = (known after apply)
            }

          + noncurrent_version_transition {
              + days          = (known after apply)
              + storage_class = (known after apply)
            }

          + transition {
              + date          = (known after apply)
              + days          = (known after apply)
              + storage_class = (known after apply)
            }
        }

      + logging {
          + target_bucket = (known after apply)
          + target_prefix = (known after apply)
        }

      + object_lock_configuration {
          + object_lock_enabled = (known after apply)

          + rule {
              + default_retention {
                  + days  = (known after apply)
                  + mode  = (known after apply)
                  + years = (known after apply)
                }
            }
        }

      + replication_configuration {
          + role = (known after apply)

          + rules {
              + delete_marker_replication_status = (known after apply)
              + id                               = (known after apply)
              + prefix                           = (known after apply)
              + priority                         = (known after apply)
              + status                           = (known after apply)

              + destination {
                  + account_id         = (known after apply)
                  + bucket             = (known after apply)
                  + replica_kms_key_id = (known after apply)
                  + storage_class      = (known after apply)

                  + access_control_translation {
                      + owner = (known after apply)
                    }

                  + metrics {
                      + minutes = (known after apply)
                      + status  = (known after apply)
                    }

                  + replication_time {
                      + minutes = (known after apply)
                      + status  = (known after apply)
                    }
                }

              + filter {
                  + prefix = (known after apply)
                  + tags   = (known after apply)
                }

              + source_selection_criteria {
                  + sse_kms_encrypted_objects {
                      + enabled = (known after apply)
                    }
                }
            }
        }

      + server_side_encryption_configuration {
          + rule {
              + bucket_key_enabled = (known after apply)

              + apply_server_side_encryption_by_default {
                  + kms_master_key_id = (known after apply)
                  + sse_algorithm     = (known after apply)
                }
            }
        }

      + versioning {
          + enabled    = (known after apply)
          + mfa_delete = (known after apply)
        }

      + website {
          + error_document           = (known after apply)
          + index_document           = (known after apply)
          + redirect_all_requests_to = (known after apply)
          + routing_rules            = (known after apply)
        }
    }

  # module.vpc.aws_subnet.main will be created
  + resource "aws_subnet" "main" {
      + arn                                            = (known after apply)
      + assign_ipv6_address_on_creation                = false
      + availability_zone                              = "us-east-1"
      + availability_zone_id                           = (known after apply)
      + cidr_block                                     = "10.0.1.0/24"
      + enable_dns64                                   = false
      + enable_resource_name_dns_a_record_on_launch    = false
      + enable_resource_name_dns_aaaa_record_on_launch = false
      + id                                             = (known after apply)
      + ipv6_cidr_block_association_id                 = (known after apply)
      + ipv6_native                                    = false
      + map_public_ip_on_launch                        = true
      + owner_id                                       = (known after apply)
      + private_dns_hostname_type_on_launch            = (known after apply)
      + tags_all                                       = (known after apply)
      + vpc_id                                         = (known after apply)
    }

  # module.vpc.aws_vpc.main will be created
  + resource "aws_vpc" "main" {
      + arn                                  = (known after apply)
      + cidr_block                           = "10.0.0.0/16"
      + default_network_acl_id               = (known after apply)
      + default_route_table_id               = (known after apply)
      + default_security_group_id            = (known after apply)
      + dhcp_options_id                      = (known after apply)
      + enable_dns_hostnames                 = (known after apply)
      + enable_dns_support                   = true
      + enable_network_address_usage_metrics = (known after apply)
      + id                                   = (known after apply)
      + instance_tenancy                     = "default"
      + ipv6_association_id                  = (known after apply)
      + ipv6_cidr_block                      = (known after apply)
      + ipv6_cidr_block_network_border_group = (known after apply)
      + main_route_table_id                  = (known after apply)
      + owner_id                             = (known after apply)
      + tags_all                             = (known after apply)
    }

Plan: 5 to add, 0 to change, 0 to destroy.

Changes to Outputs:
  + bucket_details          = {
      + acceleration_status                  = (known after apply)
      + acl                                  = (known after apply)
      + arn                                  = (known after apply)
      + bucket                               = "my-s3-bucket"
      + bucket_domain_name                   = (known after apply)
      + bucket_prefix                        = (known after apply)
      + bucket_regional_domain_name          = (known after apply)
      + cors_rule                            = (known after apply)
      + force_destroy                        = false
      + grant                                = (known after apply)
      + hosted_zone_id                       = (known after apply)
      + id                                   = (known after apply)
      + lifecycle_rule                       = (known after apply)
      + logging                              = (known after apply)
      + object_lock_configuration            = (known after apply)
      + object_lock_enabled                  = (known after apply)
      + policy                               = (known after apply)
      + region                               = (known after apply)
      + replication_configuration            = (known after apply)
      + request_payer                        = (known after apply)
      + server_side_encryption_configuration = (known after apply)
      + tags                                 = null
      + tags_all                             = (known after apply)
      + timeouts                             = null
      + versioning                           = (known after apply)
      + website                              = (known after apply)
      + website_domain                       = (known after apply)
      + website_endpoint                     = (known after apply)
    }
  + ec2_instance_public_ips = [
      + (known after apply),
      + (known after apply),
    ]
  + vpc_details             = {
      + arn                                  = (known after apply)
      + assign_generated_ipv6_cidr_block     = null
      + cidr_block                           = "10.0.0.0/16"
      + default_network_acl_id               = (known after apply)
      + default_route_table_id               = (known after apply)
      + default_security_group_id            = (known after apply)
      + dhcp_options_id                      = (known after apply)
      + enable_dns_hostnames                 = (known after apply)
      + enable_dns_support                   = true
      + enable_network_address_usage_metrics = (known after apply)
      + id                                   = (known after apply)
      + instance_tenancy                     = "default"
      + ipv4_ipam_pool_id                    = null
      + ipv4_netmask_length                  = null
      + ipv6_association_id                  = (known after apply)
      + ipv6_cidr_block                      = (known after apply)
      + ipv6_cidr_block_network_border_group = (known after apply)
      + ipv6_ipam_pool_id                    = null
      + ipv6_netmask_length                  = null
      + main_route_table_id                  = (known after apply)
      + owner_id                             = (known after apply)
      + tags                                 = null
      + tags_all                             = (known after apply)
    }

─────────────────────────────────────────────────────────────────────────────

Note: You didn't use the -out option to save this plan, so Terraform can't
guarantee to take exactly these actions if you run "terraform apply" now.
